
Microsoft Visual Studio Solution File, Format Version 12.00
# Visual Studio 15
VisualStudioVersion = 15.0.27130.2027
MinimumVisualStudioVersion = 10.0.40219.1
Project("{8BC9CEB8-8B4A-11D0-8D11-00A0C91BC942}") = "CppRestRequestExample", "CppRestRequestExample\CppRestRequestExample.vcxproj", "{625BD3A5-0C34-4AB8-9422-6C17EAC34E25}"
EndProject
Global
	GlobalSection(SolutionConfigurationPlatforms) = preSolution
		Debug|x64 = Debug|x64
		Debug|x86 = Debug|x86
		Release|x64 = Release|x64
		Release|x86 = Release|x86
	EndGlobalSection
	GlobalSection(ProjectConfigurationPlatforms) = postSolution
		{625BD3A5-0C34-4AB8-9422-6C17EAC34E25}.Debug|x64.ActiveCfg = Debug|x64
		{625BD3A5-0C34-4AB8-9422-6C17EAC34E25}.Debug|x64.Build.0 = Debug|x64
		{625BD3A5-0C34-4AB8-9422-6C17EAC34E25}.Debug|x86.ActiveCfg = Debug|Win32
		{625BD3A5-0C34-4AB8-9422-6C17EAC34E25}.Debug|x86.Build.0 = Debug|Win32
		{625BD3A5-0C34-4AB8-9422-6C17EAC34E25}.Release|x64.ActiveCfg = Release|x64
		{625BD3A5-0C34-4AB8-9422-6C17EAC34E25}.Release|x64.Build.0 = Release|x64
		{625BD3A5-0C34-4AB8-9422-6C17EAC34E25}.Release|x86.ActiveCfg = Release|Win32
		{625BD3A5-0C34-4AB8-9422-6C17EAC34E25}.Release|x86.Build.0 = Release|Win32
	EndGlobalSection
	GlobalSection(SolutionProperties) = preSolution
		HideSolutionNode = FALSE
	EndGlobalSection
	GlobalSection(ExtensibilityGlobals) = postSolution
		SolutionGuid = {3BD66369-20F7-4727-978C-5867C93B7E39}
	EndGlobalSection
EndGlobal
